
Microsoft Visual Studio Solution File, Format Version 12.00
# Visual Studio Version 17
VisualStudioVersion = 17.14.36109.1 d17.14
MinimumVisualStudioVersion = 10.0.40219.1
Project("{FAE04EC0-301F-11D3-BF4B-00C04F79EFBC}") = "final project", "final project\final project.csproj", "{B581E1E9-C0C5-40CB-94AB-75153DAFE3FD}"
EndProject
Global
	GlobalSection(SolutionConfigurationPlatforms) = preSolution
		Debug|Any CPU = Debug|Any CPU
		Release|Any CPU = Release|Any CPU
	EndGlobalSection
	GlobalSection(ProjectConfigurationPlatforms) = postSolution
		{B581E1E9-C0C5-40CB-94AB-75153DAFE3FD}.Debug|Any CPU.ActiveCfg = Debug|Any CPU
		{B581E1E9-C0C5-40CB-94AB-75153DAFE3FD}.Debug|Any CPU.Build.0 = Debug|Any CPU
		{B581E1E9-C0C5-40CB-94AB-75153DAFE3FD}.Release|Any CPU.ActiveCfg = Release|Any CPU
		{B581E1E9-C0C5-40CB-94AB-75153DAFE3FD}.Release|Any CPU.Build.0 = Release|Any CPU
	EndGlobalSection
	GlobalSection(SolutionProperties) = preSolution
		HideSolutionNode = FALSE
	EndGlobalSection
	GlobalSection(ExtensibilityGlobals) = postSolution
		SolutionGuid = {536E9348-2D8C-4EF4-894A-D4705225563B}
	EndGlobalSection
EndGlobal
